
Microsoft Visual Studio Solution File, Format Version 12.00
Project("{FAE04EC0-301F-11D3-BF4B-00C04F79EFBC}") = "Task1-14", "Task1-14\Task1-14.csproj", "{00357B28-50D4-40E7-9D3C-1663772A4953}"
EndProject
Global
	GlobalSection(SolutionConfigurationPlatforms) = preSolution
		Debug|Any CPU = Debug|Any CPU
		Release|Any CPU = Release|Any CPU
	EndGlobalSection
	GlobalSection(ProjectConfigurationPlatforms) = postSolution
		{00357B28-50D4-40E7-9D3C-1663772A4953}.Debug|Any CPU.ActiveCfg = Debug|Any CPU
		{00357B28-50D4-40E7-9D3C-1663772A4953}.Debug|Any CPU.Build.0 = Debug|Any CPU
		{00357B28-50D4-40E7-9D3C-1663772A4953}.Release|Any CPU.ActiveCfg = Release|Any CPU
		{00357B28-50D4-40E7-9D3C-1663772A4953}.Release|Any CPU.Build.0 = Release|Any CPU
	EndGlobalSection
EndGlobal
