
Microsoft Visual Studio Solution File, Format Version 12.00
Project("{FAE04EC0-301F-11D3-BF4B-00C04F79EFBC}") = "Task1-16", "Task1-16\Task1-16.csproj", "{BFC4A670-03C5-448D-BDB3-AFBA320EB16A}"
EndProject
Global
	GlobalSection(SolutionConfigurationPlatforms) = preSolution
		Debug|Any CPU = Debug|Any CPU
		Release|Any CPU = Release|Any CPU
	EndGlobalSection
	GlobalSection(ProjectConfigurationPlatforms) = postSolution
		{BFC4A670-03C5-448D-BDB3-AFBA320EB16A}.Debug|Any CPU.ActiveCfg = Debug|Any CPU
		{BFC4A670-03C5-448D-BDB3-AFBA320EB16A}.Debug|Any CPU.Build.0 = Debug|Any CPU
		{BFC4A670-03C5-448D-BDB3-AFBA320EB16A}.Release|Any CPU.ActiveCfg = Release|Any CPU
		{BFC4A670-03C5-448D-BDB3-AFBA320EB16A}.Release|Any CPU.Build.0 = Release|Any CPU
	EndGlobalSection
EndGlobal
